// !$*UTF8*$!
{
	archiveVersion = 1;
	classes = {
	};
	objectVersion = 46;
	objects = {

/* Begin PBXBuildFile section */
		4B06DABB1E36D87600E67DD4 /* main.m in Sources */ = {isa = PBXBuildFile; fileRef = 4B06DABA1E36D87600E67DD4 /* main.m */; };
		4B06DABE1E36D87600E67DD4 /* AppDelegate.m in Sources */ = {isa = PBXBuildFile; fileRef = 4B06DABD1E36D87600E67DD4 /* AppDelegate.m */; };
		4B06DAC41E36D87600E67DD4 /* Main.storyboard in Resources */ = {isa = PBXBuildFile; fileRef = 4B06DAC21E36D87600E67DD4 /* Main.storyboard */; };
		4B06DAC61E36D87600E67DD4 /* Assets.xcassets in Resources */ = {isa = PBXBuildFile; fileRef = 4B06DAC51E36D87600E67DD4 /* Assets.xcassets */; };
		4B06DAC91E36D87600E67DD4 /* LaunchScreen.storyboard in Resources */ = {isa = PBXBuildFile; fileRef = 4B06DAC71E36D87600E67DD4 /* LaunchScreen.storyboard */; };
		4B06DAD41E36D87600E67DD4 /* ReativeMusicTests.m in Sources */ = {isa = PBXBuildFile; fileRef = 4B06DAD31E36D87600E67DD4 /* ReativeMusicTests.m */; };
		4B06DAE81E3700B400E67DD4 /* SpotifyAudioPlayback.framework in Frameworks */ = {isa = PBXBuildFile; fileRef = 4B06DAE51E3700B400E67DD4 /* SpotifyAudioPlayback.framework */; };
		4B06DAE91E3700B400E67DD4 /* SpotifyAudioPlayback.framework in Embed Frameworks */ = {isa = PBXBuildFile; fileRef = 4B06DAE51E3700B400E67DD4 /* SpotifyAudioPlayback.framework */; settings = {ATTRIBUTES = (CodeSignOnCopy, RemoveHeadersOnCopy, ); }; };
		4B06DAEA1E3700B400E67DD4 /* SpotifyAuthentication.framework in Frameworks */ = {isa = PBXBuildFile; fileRef = 4B06DAE61E3700B400E67DD4 /* SpotifyAuthentication.framework */; };
		4B06DAEB1E3700B400E67DD4 /* SpotifyAuthentication.framework in Embed Frameworks */ = {isa = PBXBuildFile; fileRef = 4B06DAE61E3700B400E67DD4 /* SpotifyAuthentication.framework */; settings = {ATTRIBUTES = (CodeSignOnCopy, RemoveHeadersOnCopy, ); }; };
		4B06DAEC1E3700B400E67DD4 /* SpotifyMetadata.framework in Frameworks */ = {isa = PBXBuildFile; fileRef = 4B06DAE71E3700B400E67DD4 /* SpotifyMetadata.framework */; };
		4B06DAED1E3700B400E67DD4 /* SpotifyMetadata.framework in Embed Frameworks */ = {isa = PBXBuildFile; fileRef = 4B06DAE71E3700B400E67DD4 /* SpotifyMetadata.framework */; settings = {ATTRIBUTES = (CodeSignOnCopy, RemoveHeadersOnCopy, ); }; };
		4B06DAF01E3703F800E67DD4 /* AVFoundation.framework in Frameworks */ = {isa = PBXBuildFile; fileRef = 4B06DAEF1E3703F800E67DD4 /* AVFoundation.framework */; };
		4B06DAF21E37040100E67DD4 /* SystemConfiguration.framework in Frameworks */ = {isa = PBXBuildFile; fileRef = 4B06DAF11E37040100E67DD4 /* SystemConfiguration.framework */; };
		4B06DAF51E3716B000E67DD4 /* LoginViewController.m in Sources */ = {isa = PBXBuildFile; fileRef = 4B06DAF41E3716B000E67DD4 /* LoginViewController.m */; };
		4B06DAFB1E37170100E67DD4 /* PlayViewController.m in Sources */ = {isa = PBXBuildFile; fileRef = 4B06DAFA1E37170100E67DD4 /* PlayViewController.m */; };
		4B06DAFE1E37174C00E67DD4 /* SearchViewController.m in Sources */ = {isa = PBXBuildFile; fileRef = 4B06DAFD1E37174C00E67DD4 /* SearchViewController.m */; };
		4B9156C01E37E57200A208C5 /* AuthenticationService.m in Sources */ = {isa = PBXBuildFile; fileRef = 4B9156BF1E37E57200A208C5 /* AuthenticationService.m */; };
		4BD701881E38250900DA5C7B /* TrackTableViewCell.m in Sources */ = {isa = PBXBuildFile; fileRef = 4BD701871E38250900DA5C7B /* TrackTableViewCell.m */; };
		4BD7018C1E38261500DA5C7B /* TrackViewModel.m in Sources */ = {isa = PBXBuildFile; fileRef = 4BD7018B1E38261500DA5C7B /* TrackViewModel.m */; };
		4BD701931E383EA600DA5C7B /* UIColor+Utilities.m in Sources */ = {isa = PBXBuildFile; fileRef = 4BD701921E383EA600DA5C7B /* UIColor+Utilities.m */; };
		4BD701991E38505A00DA5C7B /* SearchService.m in Sources */ = {isa = PBXBuildFile; fileRef = 4BD701981E38505A00DA5C7B /* SearchService.m */; };
		4BD701A01E38570200DA5C7B /* WebImage.framework in Frameworks */ = {isa = PBXBuildFile; fileRef = 4BD7019F1E38570200DA5C7B /* WebImage.framework */; };
		4BD701A11E38570200DA5C7B /* WebImage.framework in Embed Frameworks */ = {isa = PBXBuildFile; fileRef = 4BD7019F1E38570200DA5C7B /* WebImage.framework */; settings = {ATTRIBUTES = (CodeSignOnCopy, RemoveHeadersOnCopy, ); }; };
		F1C736116C11BC039F2C6807 /* Pods_ReativeMusic.framework in Frameworks */ = {isa = PBXBuildFile; fileRef = 0C52C90C437318ECFCF616E4 /* Pods_ReativeMusic.framework */; };
/* End PBXBuildFile section */

/* Begin PBXContainerItemProxy section */
		4B06DAD01E36D87600E67DD4 /* PBXContainerItemProxy */ = {
			isa = PBXContainerItemProxy;
			containerPortal = 4B06DAAE1E36D87600E67DD4 /* Project object */;
			proxyType = 1;
			remoteGlobalIDString = 4B06DAB51E36D87600E67DD4;
			remoteInfo = ReativeMusic;
		};
/* End PBXContainerItemProxy section */

/* Begin PBXCopyFilesBuildPhase section */
		4B06DAE11E36FFAF00E67DD4 /* Embed Frameworks */ = {
			isa = PBXCopyFilesBuildPhase;
			buildActionMask = 2147483647;
			dstPath = "";
			dstSubfolderSpec = 10;
			files = (
				4B06DAED1E3700B400E67DD4 /* SpotifyMetadata.framework in Embed Frameworks */,
				4B06DAEB1E3700B400E67DD4 /* SpotifyAuthentication.framework in Embed Frameworks */,
				4BD701A11E38570200DA5C7B /* WebImage.framework in Embed Frameworks */,
				4B06DAE91E3700B400E67DD4 /* SpotifyAudioPlayback.framework in Embed Frameworks */,
			);
			name = "Embed Frameworks";
			runOnlyForDeploymentPostprocessing = 0;
		};
/* End PBXCopyFilesBuildPhase section */

/* Begin PBXFileReference section */
		0C52C90C437318ECFCF616E4 /* Pods_ReativeMusic.framework */ = {isa = PBXFileReference; explicitFileType = wrapper.framework; includeInIndex = 0; path = Pods_ReativeMusic.framework; sourceTree = BUILT_PRODUCTS_DIR; };
		33BF884021913326B6F65750 /* Pods-ReativeMusic.release.xcconfig */ = {isa = PBXFileReference; includeInIndex = 1; lastKnownFileType = text.xcconfig; name = "Pods-ReativeMusic.release.xcconfig"; path = "Pods/Target Support Files/Pods-ReativeMusic/Pods-ReativeMusic.release.xcconfig"; sourceTree = "<group>"; };
		4B06DAB61E36D87600E67DD4 /* ReativeMusic.app */ = {isa = PBXFileReference; explicitFileType = wrapper.application; includeInIndex = 0; path = ReativeMusic.app; sourceTree = BUILT_PRODUCTS_DIR; };
		4B06DABA1E36D87600E67DD4 /* main.m */ = {isa = PBXFileReference; lastKnownFileType = sourcecode.c.objc; path = main.m; sourceTree = "<group>"; };
		4B06DABC1E36D87600E67DD4 /* AppDelegate.h */ = {isa = PBXFileReference; lastKnownFileType = sourcecode.c.h; path = AppDelegate.h; sourceTree = "<group>"; };
		4B06DABD1E36D87600E67DD4 /* AppDelegate.m */ = {isa = PBXFileReference; lastKnownFileType = sourcecode.c.objc; path = AppDelegate.m; sourceTree = "<group>"; };
		4B06DAC31E36D87600E67DD4 /* Base */ = {isa = PBXFileReference; lastKnownFileType = file.storyboard; name = Base; path = Base.lproj/Main.storyboard; sourceTree = "<group>"; };
		4B06DAC51E36D87600E67DD4 /* Assets.xcassets */ = {isa = PBXFileReference; lastKnownFileType = folder.assetcatalog; path = Assets.xcassets; sourceTree = "<group>"; };
		4B06DAC81E36D87600E67DD4 /* Base */ = {isa = PBXFileReference; lastKnownFileType = file.storyboard; name = Base; path = Base.lproj/LaunchScreen.storyboard; sourceTree = "<group>"; };
		4B06DACA1E36D87600E67DD4 /* Info.plist */ = {isa = PBXFileReference; lastKnownFileType = text.plist.xml; path = Info.plist; sourceTree = "<group>"; };
		4B06DACF1E36D87600E67DD4 /* ReativeMusicTests.xctest */ = {isa = PBXFileReference; explicitFileType = wrapper.cfbundle; includeInIndex = 0; path = ReativeMusicTests.xctest; sourceTree = BUILT_PRODUCTS_DIR; };
		4B06DAD31E36D87600E67DD4 /* ReativeMusicTests.m */ = {isa = PBXFileReference; lastKnownFileType = sourcecode.c.objc; path = ReativeMusicTests.m; sourceTree = "<group>"; };
		4B06DAD51E36D87600E67DD4 /* Info.plist */ = {isa = PBXFileReference; lastKnownFileType = text.plist.xml; path = Info.plist; sourceTree = "<group>"; };
		4B06DADE1E36FFAF00E67DD4 /* AFNetworking.framework */ = {isa = PBXFileReference; lastKnownFileType = wrapper.framework; name = AFNetworking.framework; path = Carthage/Build/iOS/AFNetworking.framework; sourceTree = "<group>"; };
		4B06DAE21E36FFB800E67DD4 /* ReactiveCocoa.framework */ = {isa = PBXFileReference; lastKnownFileType = wrapper.framework; name = ReactiveCocoa.framework; path = Carthage/Build/iOS/ReactiveCocoa.framework; sourceTree = "<group>"; };
		4B06DAE51E3700B400E67DD4 /* SpotifyAudioPlayback.framework */ = {isa = PBXFileReference; lastKnownFileType = wrapper.framework; path = SpotifyAudioPlayback.framework; sourceTree = "<group>"; };
		4B06DAE61E3700B400E67DD4 /* SpotifyAuthentication.framework */ = {isa = PBXFileReference; lastKnownFileType = wrapper.framework; path = SpotifyAuthentication.framework; sourceTree = "<group>"; };
		4B06DAE71E3700B400E67DD4 /* SpotifyMetadata.framework */ = {isa = PBXFileReference; lastKnownFileType = wrapper.framework; path = SpotifyMetadata.framework; sourceTree = "<group>"; };
		4B06DAEF1E3703F800E67DD4 /* AVFoundation.framework */ = {isa = PBXFileReference; lastKnownFileType = wrapper.framework; name = AVFoundation.framework; path = System/Library/Frameworks/AVFoundation.framework; sourceTree = SDKROOT; };
		4B06DAF11E37040100E67DD4 /* SystemConfiguration.framework */ = {isa = PBXFileReference; lastKnownFileType = wrapper.framework; name = SystemConfiguration.framework; path = System/Library/Frameworks/SystemConfiguration.framework; sourceTree = SDKROOT; };
		4B06DAF31E3716B000E67DD4 /* LoginViewController.h */ = {isa = PBXFileReference; fileEncoding = 4; lastKnownFileType = sourcecode.c.h; path = LoginViewController.h; sourceTree = "<group>"; };
		4B06DAF41E3716B000E67DD4 /* LoginViewController.m */ = {isa = PBXFileReference; fileEncoding = 4; lastKnownFileType = sourcecode.c.objc; path = LoginViewController.m; sourceTree = "<group>"; };
		4B06DAF91E37170100E67DD4 /* PlayViewController.h */ = {isa = PBXFileReference; fileEncoding = 4; lastKnownFileType = sourcecode.c.h; path = PlayViewController.h; sourceTree = "<group>"; };
		4B06DAFA1E37170100E67DD4 /* PlayViewController.m */ = {isa = PBXFileReference; fileEncoding = 4; lastKnownFileType = sourcecode.c.objc; path = PlayViewController.m; sourceTree = "<group>"; };
		4B06DAFC1E37174C00E67DD4 /* SearchViewController.h */ = {isa = PBXFileReference; fileEncoding = 4; lastKnownFileType = sourcecode.c.h; path = SearchViewController.h; sourceTree = "<group>"; };
		4B06DAFD1E37174C00E67DD4 /* SearchViewController.m */ = {isa = PBXFileReference; fileEncoding = 4; lastKnownFileType = sourcecode.c.objc; path = SearchViewController.m; sourceTree = "<group>"; };
		4B06DAFF1E3796AB00E67DD4 /* ReactiveSwift.framework */ = {isa = PBXFileReference; lastKnownFileType = wrapper.framework; name = ReactiveSwift.framework; path = Carthage/Build/iOS/ReactiveSwift.framework; sourceTree = "<group>"; };
		4B9156B81E37971500A208C5 /* Result.framework */ = {isa = PBXFileReference; lastKnownFileType = wrapper.framework; name = Result.framework; path = Carthage/Build/iOS/Result.framework; sourceTree = "<group>"; };
		4B9156BE1E37E57200A208C5 /* AuthenticationService.h */ = {isa = PBXFileReference; fileEncoding = 4; lastKnownFileType = sourcecode.c.h; path = AuthenticationService.h; sourceTree = "<group>"; };
		4B9156BF1E37E57200A208C5 /* AuthenticationService.m */ = {isa = PBXFileReference; fileEncoding = 4; lastKnownFileType = sourcecode.c.objc; path = AuthenticationService.m; sourceTree = "<group>"; };
		4BD701861E38250900DA5C7B /* TrackTableViewCell.h */ = {isa = PBXFileReference; fileEncoding = 4; lastKnownFileType = sourcecode.c.h; path = TrackTableViewCell.h; sourceTree = "<group>"; };
		4BD701871E38250900DA5C7B /* TrackTableViewCell.m */ = {isa = PBXFileReference; fileEncoding = 4; lastKnownFileType = sourcecode.c.objc; path = TrackTableViewCell.m; sourceTree = "<group>"; };
		4BD7018A1E38261500DA5C7B /* TrackViewModel.h */ = {isa = PBXFileReference; fileEncoding = 4; lastKnownFileType = sourcecode.c.h; path = TrackViewModel.h; sourceTree = "<group>"; };
		4BD7018B1E38261500DA5C7B /* TrackViewModel.m */ = {isa = PBXFileReference; fileEncoding = 4; lastKnownFileType = sourcecode.c.objc; path = TrackViewModel.m; sourceTree = "<group>"; };
		4BD701911E383EA600DA5C7B /* UIColor+Utilities.h */ = {isa = PBXFileReference; fileEncoding = 4; lastKnownFileType = sourcecode.c.h; path = "UIColor+Utilities.h"; sourceTree = "<group>"; };
		4BD701921E383EA600DA5C7B /* UIColor+Utilities.m */ = {isa = PBXFileReference; fileEncoding = 4; lastKnownFileType = sourcecode.c.objc; path = "UIColor+Utilities.m"; sourceTree = "<group>"; };
		4BD701971E38505A00DA5C7B /* SearchService.h */ = {isa = PBXFileReference; fileEncoding = 4; lastKnownFileType = sourcecode.c.h; path = SearchService.h; sourceTree = "<group>"; };
		4BD701981E38505A00DA5C7B /* SearchService.m */ = {isa = PBXFileReference; fileEncoding = 4; lastKnownFileType = sourcecode.c.objc; path = SearchService.m; sourceTree = "<group>"; };
		4BD7019A1E38565F00DA5C7B /* WebImage.framework */ = {isa = PBXFileReference; lastKnownFileType = wrapper.framework; name = WebImage.framework; path = Carthage/Build/iOS/WebImage.framework; sourceTree = "<group>"; };
		4BD7019C1E3856F000DA5C7B /* WebImage.framework */ = {isa = PBXFileReference; lastKnownFileType = wrapper.framework; name = WebImage.framework; path = Carthage/Build/iOS/WebImage.framework; sourceTree = "<group>"; };
		4BD7019F1E38570200DA5C7B /* WebImage.framework */ = {isa = PBXFileReference; lastKnownFileType = wrapper.framework; name = WebImage.framework; path = Carthage/Build/iOS/WebImage.framework; sourceTree = "<group>"; };
		CF5492EC50D4E0E6B122C73C /* Pods-ReativeMusic.debug.xcconfig */ = {isa = PBXFileReference; includeInIndex = 1; lastKnownFileType = text.xcconfig; name = "Pods-ReativeMusic.debug.xcconfig"; path = "Pods/Target Support Files/Pods-ReativeMusic/Pods-ReativeMusic.debug.xcconfig"; sourceTree = "<group>"; };
/* End PBXFileReference section */

/* Begin PBXFrameworksBuildPhase section */
		4B06DAB31E36D87600E67DD4 /* Frameworks */ = {
			isa = PBXFrameworksBuildPhase;
			buildActionMask = 2147483647;
			files = (
				4B06DAF21E37040100E67DD4 /* SystemConfiguration.framework in Frameworks */,
				4B06DAF01E3703F800E67DD4 /* AVFoundation.framework in Frameworks */,
				4B06DAEC1E3700B400E67DD4 /* SpotifyMetadata.framework in Frameworks */,
				4BD701A01E38570200DA5C7B /* WebImage.framework in Frameworks */,
				4B06DAEA1E3700B400E67DD4 /* SpotifyAuthentication.framework in Frameworks */,
				4B06DAE81E3700B400E67DD4 /* SpotifyAudioPlayback.framework in Frameworks */,
				F1C736116C11BC039F2C6807 /* Pods_ReativeMusic.framework in Frameworks */,
			);
			runOnlyForDeploymentPostprocessing = 0;
		};
		4B06DACC1E36D87600E67DD4 /* Frameworks */ = {
			isa = PBXFrameworksBuildPhase;
			buildActionMask = 2147483647;
			files = (
			);
			runOnlyForDeploymentPostprocessing = 0;
		};
/* End PBXFrameworksBuildPhase section */

/* Begin PBXGroup section */
		09034C45E3B1A12F64978B45 /* Pods */ = {
			isa = PBXGroup;
			children = (
				CF5492EC50D4E0E6B122C73C /* Pods-ReativeMusic.debug.xcconfig */,
				33BF884021913326B6F65750 /* Pods-ReativeMusic.release.xcconfig */,
			);
			name = Pods;
			sourceTree = "<group>";
		};
		4B06DAAD1E36D87600E67DD4 = {
			isa = PBXGroup;
			children = (
				4B06DAB81E36D87600E67DD4 /* ReativeMusic */,
				4B06DAD21E36D87600E67DD4 /* ReativeMusicTests */,
				4B06DAB71E36D87600E67DD4 /* Products */,
				4B06DAEE1E3703F700E67DD4 /* Frameworks */,
				09034C45E3B1A12F64978B45 /* Pods */,
			);
			sourceTree = "<group>";
		};
		4B06DAB71E36D87600E67DD4 /* Products */ = {
			isa = PBXGroup;
			children = (
				4B06DAB61E36D87600E67DD4 /* ReativeMusic.app */,
				4B06DACF1E36D87600E67DD4 /* ReativeMusicTests.xctest */,
			);
			name = Products;
			sourceTree = "<group>";
		};
		4B06DAB81E36D87600E67DD4 /* ReativeMusic */ = {
			isa = PBXGroup;
			children = (
				4BD7018D1E383C2600DA5C7B /* CocoaExtensions */,
				4BD701891E3825E400DA5C7B /* ViewModels */,
				4B9156BD1E37E55100A208C5 /* Services */,
				4B9156BC1E37E53800A208C5 /* Storyboards */,
				4BD701851E3824E900DA5C7B /* Cells */,
				4B9156BB1E37E52500A208C5 /* ViewControllers */,
				4B06DABC1E36D87600E67DD4 /* AppDelegate.h */,
				4B06DABD1E36D87600E67DD4 /* AppDelegate.m */,
				4B06DAC21E36D87600E67DD4 /* Main.storyboard */,
				4B06DAC51E36D87600E67DD4 /* Assets.xcassets */,
				4B06DAC71E36D87600E67DD4 /* LaunchScreen.storyboard */,
				4B06DACA1E36D87600E67DD4 /* Info.plist */,
				4B06DAB91E36D87600E67DD4 /* Supporting Files */,
			);
			path = ReativeMusic;
			sourceTree = "<group>";
		};
		4B06DAB91E36D87600E67DD4 /* Supporting Files */ = {
			isa = PBXGroup;
			children = (
				4B06DABA1E36D87600E67DD4 /* main.m */,
			);
			name = "Supporting Files";
			sourceTree = "<group>";
		};
		4B06DAD21E36D87600E67DD4 /* ReativeMusicTests */ = {
			isa = PBXGroup;
			children = (
				4B06DAD31E36D87600E67DD4 /* ReativeMusicTests.m */,
				4B06DAD51E36D87600E67DD4 /* Info.plist */,
			);
			path = ReativeMusicTests;
			sourceTree = "<group>";
		};
		4B06DAEE1E3703F700E67DD4 /* Frameworks */ = {
			isa = PBXGroup;
			children = (
				4BD7019F1E38570200DA5C7B /* WebImage.framework */,
				4BD7019C1E3856F000DA5C7B /* WebImage.framework */,
				4BD7019A1E38565F00DA5C7B /* WebImage.framework */,
				4B9156B81E37971500A208C5 /* Result.framework */,
				4B06DAFF1E3796AB00E67DD4 /* ReactiveSwift.framework */,
				4B06DAE51E3700B400E67DD4 /* SpotifyAudioPlayback.framework */,
				4B06DAE61E3700B400E67DD4 /* SpotifyAuthentication.framework */,
				4B06DAE71E3700B400E67DD4 /* SpotifyMetadata.framework */,
				4B06DAE21E36FFB800E67DD4 /* ReactiveCocoa.framework */,
				4B06DADE1E36FFAF00E67DD4 /* AFNetworking.framework */,
				4B06DAF11E37040100E67DD4 /* SystemConfiguration.framework */,
				4B06DAEF1E3703F800E67DD4 /* AVFoundation.framework */,
				0C52C90C437318ECFCF616E4 /* Pods_ReativeMusic.framework */,
			);
			name = Frameworks;
			sourceTree = "<group>";
		};
		4B9156BB1E37E52500A208C5 /* ViewControllers */ = {
			isa = PBXGroup;
			children = (
				4B06DAF31E3716B000E67DD4 /* LoginViewController.h */,
				4B06DAF41E3716B000E67DD4 /* LoginViewController.m */,
				4B06DAF91E37170100E67DD4 /* PlayViewController.h */,
				4B06DAFA1E37170100E67DD4 /* PlayViewController.m */,
				4B06DAFC1E37174C00E67DD4 /* SearchViewController.h */,
				4B06DAFD1E37174C00E67DD4 /* SearchViewController.m */,
			);
			name = ViewControllers;
			sourceTree = "<group>";
		};
		4B9156BC1E37E53800A208C5 /* Storyboards */ = {
			isa = PBXGroup;
			children = (
			);
			name = Storyboards;
			sourceTree = "<group>";
		};
		4B9156BD1E37E55100A208C5 /* Services */ = {
			isa = PBXGroup;
			children = (
				4B9156BE1E37E57200A208C5 /* AuthenticationService.h */,
				4B9156BF1E37E57200A208C5 /* AuthenticationService.m */,
				4BD701971E38505A00DA5C7B /* SearchService.h */,
				4BD701981E38505A00DA5C7B /* SearchService.m */,
			);
			name = Services;
			sourceTree = "<group>";
		};
		4BD701851E3824E900DA5C7B /* Cells */ = {
			isa = PBXGroup;
			children = (
				4BD701861E38250900DA5C7B /* TrackTableViewCell.h */,
				4BD701871E38250900DA5C7B /* TrackTableViewCell.m */,
			);
			name = Cells;
			sourceTree = "<group>";
		};
		4BD701891E3825E400DA5C7B /* ViewModels */ = {
			isa = PBXGroup;
			children = (
				4BD7018A1E38261500DA5C7B /* TrackViewModel.h */,
				4BD7018B1E38261500DA5C7B /* TrackViewModel.m */,
			);
			name = ViewModels;
			sourceTree = "<group>";
		};
		4BD7018D1E383C2600DA5C7B /* CocoaExtensions */ = {
			isa = PBXGroup;
			children = (
				4BD701911E383EA600DA5C7B /* UIColor+Utilities.h */,
				4BD701921E383EA600DA5C7B /* UIColor+Utilities.m */,
			);
			name = CocoaExtensions;
			sourceTree = "<group>";
		};
/* End PBXGroup section */

/* Begin PBXNativeTarget section */
		4B06DAB51E36D87600E67DD4 /* ReativeMusic */ = {
			isa = PBXNativeTarget;
			buildConfigurationList = 4B06DAD81E36D87600E67DD4 /* Build configuration list for PBXNativeTarget "ReativeMusic" */;
			buildPhases = (
				E90705185847F47407E0C709 /* [CP] Check Pods Manifest.lock */,
				4B06DAB21E36D87600E67DD4 /* Sources */,
				4B06DAB31E36D87600E67DD4 /* Frameworks */,
				4B06DAB41E36D87600E67DD4 /* Resources */,
				4B06DAE11E36FFAF00E67DD4 /* Embed Frameworks */,
				8C943B1B4F65394BD10859D3 /* [CP] Embed Pods Frameworks */,
				243FAF3D9FB142187A94AA42 /* [CP] Copy Pods Resources */,
			);
			buildRules = (
			);
			dependencies = (
			);
			name = ReativeMusic;
			productName = ReativeMusic;
			productReference = 4B06DAB61E36D87600E67DD4 /* ReativeMusic.app */;
			productType = "com.apple.product-type.application";
		};
		4B06DACE1E36D87600E67DD4 /* ReativeMusicTests */ = {
			isa = PBXNativeTarget;
			buildConfigurationList = 4B06DADB1E36D87600E67DD4 /* Build configuration list for PBXNativeTarget "ReativeMusicTests" */;
			buildPhases = (
				4B06DACB1E36D87600E67DD4 /* Sources */,
				4B06DACC1E36D87600E67DD4 /* Frameworks */,
				4B06DACD1E36D87600E67DD4 /* Resources */,
			);
			buildRules = (
			);
			dependencies = (
				4B06DAD11E36D87600E67DD4 /* PBXTargetDependency */,
			);
			name = ReativeMusicTests;
			productName = ReativeMusicTests;
			productReference = 4B06DACF1E36D87600E67DD4 /* ReativeMusicTests.xctest */;
			productType = "com.apple.product-type.bundle.unit-test";
		};
/* End PBXNativeTarget section */

/* Begin PBXProject section */
		4B06DAAE1E36D87600E67DD4 /* Project object */ = {
			isa = PBXProject;
			attributes = {
				LastUpgradeCheck = 0820;
				ORGANIZATIONNAME = tolkiana;
				TargetAttributes = {
					4B06DAB51E36D87600E67DD4 = {
						CreatedOnToolsVersion = 8.2.1;
						ProvisioningStyle = Automatic;
					};
					4B06DACE1E36D87600E67DD4 = {
						CreatedOnToolsVersion = 8.2.1;
						ProvisioningStyle = Automatic;
						TestTargetID = 4B06DAB51E36D87600E67DD4;
					};
				};
			};
			buildConfigurationList = 4B06DAB11E36D87600E67DD4 /* Build configuration list for PBXProject "ReativeMusic" */;
			compatibilityVersion = "Xcode 3.2";
			developmentRegion = English;
			hasScannedForEncodings = 0;
			knownRegions = (
				en,
				Base,
			);
			mainGroup = 4B06DAAD1E36D87600E67DD4;
			productRefGroup = 4B06DAB71E36D87600E67DD4 /* Products */;
			projectDirPath = "";
			projectRoot = "";
			targets = (
				4B06DAB51E36D87600E67DD4 /* ReativeMusic */,
				4B06DACE1E36D87600E67DD4 /* ReativeMusicTests */,
			);
		};
/* End PBXProject section */

/* Begin PBXResourcesBuildPhase section */
		4B06DAB41E36D87600E67DD4 /* Resources */ = {
			isa = PBXResourcesBuildPhase;
			buildActionMask = 2147483647;
			files = (
				4B06DAC91E36D87600E67DD4 /* LaunchScreen.storyboard in Resources */,
				4B06DAC61E36D87600E67DD4 /* Assets.xcassets in Resources */,
				4B06DAC41E36D87600E67DD4 /* Main.storyboard in Resources */,
			);
			runOnlyForDeploymentPostprocessing = 0;
		};
		4B06DACD1E36D87600E67DD4 /* Resources */ = {
			isa = PBXResourcesBuildPhase;
			buildActionMask = 2147483647;
			files = (
			);
			runOnlyForDeploymentPostprocessing = 0;
		};
/* End PBXResourcesBuildPhase section */

/* Begin PBXShellScriptBuildPhase section */
		243FAF3D9FB142187A94AA42 /* [CP] Copy Pods Resources */ = {
			isa = PBXShellScriptBuildPhase;
			buildActionMask = 2147483647;
			files = (
			);
			inputPaths = (
			);
			name = "[CP] Copy Pods Resources";
			outputPaths = (
			);
			runOnlyForDeploymentPostprocessing = 0;
			shellPath = /bin/sh;
			shellScript = "\"${SRCROOT}/Pods/Target Support Files/Pods-ReativeMusic/Pods-ReativeMusic-resources.sh\"\n";
			showEnvVarsInLog = 0;
		};
		8C943B1B4F65394BD10859D3 /* [CP] Embed Pods Frameworks */ = {
			isa = PBXShellScriptBuildPhase;
			buildActionMask = 2147483647;
			files = (
			);
			inputPaths = (
			);
			name = "[CP] Embed Pods Frameworks";
			outputPaths = (
			);
			runOnlyForDeploymentPostprocessing = 0;
			shellPath = /bin/sh;
			shellScript = "\"${SRCROOT}/Pods/Target Support Files/Pods-ReativeMusic/Pods-ReativeMusic-frameworks.sh\"\n";
			showEnvVarsInLog = 0;
		};
		E90705185847F47407E0C709 /* [CP] Check Pods Manifest.lock */ = {
			isa = PBXShellScriptBuildPhase;
			buildActionMask = 2147483647;
			files = (
			);
			inputPaths = (
			);
			name = "[CP] Check Pods Manifest.lock";
			outputPaths = (
			);
			runOnlyForDeploymentPostprocessing = 0;
			shellPath = /bin/sh;
			shellScript = "diff \"${PODS_ROOT}/../Podfile.lock\" \"${PODS_ROOT}/Manifest.lock\" > /dev/null\nif [ $? != 0 ] ; then\n    # print error to STDERR\n    echo \"error: The sandbox is not in sync with the Podfile.lock. Run 'pod install' or update your CocoaPods installation.\" >&2\n    exit 1\nfi\n";
			showEnvVarsInLog = 0;
		};
/* End PBXShellScriptBuildPhase section */

/* Begin PBXSourcesBuildPhase section */
		4B06DAB21E36D87600E67DD4 /* Sources */ = {
			isa = PBXSourcesBuildPhase;
			buildActionMask = 2147483647;
			files = (
				4BD7018C1E38261500DA5C7B /* TrackViewModel.m in Sources */,
				4B06DAF51E3716B000E67DD4 /* LoginViewController.m in Sources */,
				4BD701881E38250900DA5C7B /* TrackTableViewCell.m in Sources */,
				4B9156C01E37E57200A208C5 /* AuthenticationService.m in Sources */,
				4B06DABE1E36D87600E67DD4 /* AppDelegate.m in Sources */,
				4B06DAFE1E37174C00E67DD4 /* SearchViewController.m in Sources */,
				4B06DAFB1E37170100E67DD4 /* PlayViewController.m in Sources */,
				4BD701991E38505A00DA5C7B /* SearchService.m in Sources */,
				4B06DABB1E36D87600E67DD4 /* main.m in Sources */,
				4BD701931E383EA600DA5C7B /* UIColor+Utilities.m in Sources */,
			);
			runOnlyForDeploymentPostprocessing = 0;
		};
		4B06DACB1E36D87600E67DD4 /* Sources */ = {
			isa = PBXSourcesBuildPhase;
			buildActionMask = 2147483647;
			files = (
				4B06DAD41E36D87600E67DD4 /* ReativeMusicTests.m in Sources */,
			);
			runOnlyForDeploymentPostprocessing = 0;
		};
/* End PBXSourcesBuildPhase section */

/* Begin PBXTargetDependency section */
		4B06DAD11E36D87600E67DD4 /* PBXTargetDependency */ = {
			isa = PBXTargetDependency;
			target = 4B06DAB51E36D87600E67DD4 /* ReativeMusic */;
			targetProxy = 4B06DAD01E36D87600E67DD4 /* PBXContainerItemProxy */;
		};
/* End PBXTargetDependency section */

/* Begin PBXVariantGroup section */
		4B06DAC21E36D87600E67DD4 /* Main.storyboard */ = {
			isa = PBXVariantGroup;
			children = (
				4B06DAC31E36D87600E67DD4 /* Base */,
			);
			name = Main.storyboard;
			sourceTree = "<group>";
		};
		4B06DAC71E36D87600E67DD4 /* LaunchScreen.storyboard */ = {
			isa = PBXVariantGroup;
			children = (
				4B06DAC81E36D87600E67DD4 /* Base */,
			);
			name = LaunchScreen.storyboard;
			sourceTree = "<group>";
		};
/* End PBXVariantGroup section */

/* Begin XCBuildConfiguration section */
		4B06DAD61E36D87600E67DD4 /* Debug */ = {
			isa = XCBuildConfiguration;
			buildSettings = {
				ALWAYS_SEARCH_USER_PATHS = NO;
				CLANG_ANALYZER_NONNULL = YES;
				CLANG_CXX_LANGUAGE_STANDARD = "gnu++0x";
				CLANG_CXX_LIBRARY = "libc++";
				CLANG_ENABLE_MODULES = YES;
				CLANG_ENABLE_OBJC_ARC = YES;
				CLANG_WARN_BOOL_CONVERSION = YES;
				CLANG_WARN_CONSTANT_CONVERSION = YES;
				CLANG_WARN_DIRECT_OBJC_ISA_USAGE = YES_ERROR;
				CLANG_WARN_DOCUMENTATION_COMMENTS = YES;
				CLANG_WARN_EMPTY_BODY = YES;
				CLANG_WARN_ENUM_CONVERSION = YES;
				CLANG_WARN_INFINITE_RECURSION = YES;
				CLANG_WARN_INT_CONVERSION = YES;
				CLANG_WARN_OBJC_ROOT_CLASS = YES_ERROR;
				CLANG_WARN_SUSPICIOUS_MOVE = YES;
				CLANG_WARN_UNREACHABLE_CODE = YES;
				CLANG_WARN__DUPLICATE_METHOD_MATCH = YES;
				"CODE_SIGN_IDENTITY[sdk=iphoneos*]" = "iPhone Developer";
				COPY_PHASE_STRIP = NO;
				DEBUG_INFORMATION_FORMAT = dwarf;
				ENABLE_STRICT_OBJC_MSGSEND = YES;
				ENABLE_TESTABILITY = YES;
				GCC_C_LANGUAGE_STANDARD = gnu99;
				GCC_DYNAMIC_NO_PIC = NO;
				GCC_NO_COMMON_BLOCKS = YES;
				GCC_OPTIMIZATION_LEVEL = 0;
				GCC_PREPROCESSOR_DEFINITIONS = (
					"DEBUG=1",
					"$(inherited)",
				);
				GCC_WARN_64_TO_32_BIT_CONVERSION = YES;
				GCC_WARN_ABOUT_RETURN_TYPE = YES_ERROR;
				GCC_WARN_UNDECLARED_SELECTOR = YES;
				GCC_WARN_UNINITIALIZED_AUTOS = YES_AGGRESSIVE;
				GCC_WARN_UNUSED_FUNCTION = YES;
				GCC_WARN_UNUSED_VARIABLE = YES;
				IPHONEOS_DEPLOYMENT_TARGET = 10.2;
				MTL_ENABLE_DEBUG_INFO = YES;
				ONLY_ACTIVE_ARCH = YES;
				SDKROOT = iphoneos;
			};
			name = Debug;
		};
		4B06DAD71E36D87600E67DD4 /* Release */ = {
			isa = XCBuildConfiguration;
			buildSettings = {
				ALWAYS_SEARCH_USER_PATHS = NO;
				CLANG_ANALYZER_NONNULL = YES;
				CLANG_CXX_LANGUAGE_STANDARD = "gnu++0x";
				CLANG_CXX_LIBRARY = "libc++";
				CLANG_ENABLE_MODULES = YES;
				CLANG_ENABLE_OBJC_ARC = YES;
				CLANG_WARN_BOOL_CONVERSION = YES;
				CLANG_WARN_CONSTANT_CONVERSION = YES;
				CLANG_WARN_DIRECT_OBJC_ISA_USAGE = YES_ERROR;
				CLANG_WARN_DOCUMENTATION_COMMENTS = YES;
				CLANG_WARN_EMPTY_BODY = YES;
				CLANG_WARN_ENUM_CONVERSION = YES;
				CLANG_WARN_INFINITE_RECURSION = YES;
				CLANG_WARN_INT_CONVERSION = YES;
				CLANG_WARN_OBJC_ROOT_CLASS = YES_ERROR;
				CLANG_WARN_SUSPICIOUS_MOVE = YES;
				CLANG_WARN_UNREACHABLE_CODE = YES;
				CLANG_WARN__DUPLICATE_METHOD_MATCH = YES;
				"CODE_SIGN_IDENTITY[sdk=iphoneos*]" = "iPhone Developer";
				COPY_PHASE_STRIP = NO;
				DEBUG_INFORMATION_FORMAT = "dwarf-with-dsym";
				ENABLE_NS_ASSERTIONS = NO;
				ENABLE_STRICT_OBJC_MSGSEND = YES;
				GCC_C_LANGUAGE_STANDARD = gnu99;
				GCC_NO_COMMON_BLOCKS = YES;
				GCC_WARN_64_TO_32_BIT_CONVERSION = YES;
				GCC_WARN_ABOUT_RETURN_TYPE = YES_ERROR;
				GCC_WARN_UNDECLARED_SELECTOR = YES;
				GCC_WARN_UNINITIALIZED_AUTOS = YES_AGGRESSIVE;
				GCC_WARN_UNUSED_FUNCTION = YES;
				GCC_WARN_UNUSED_VARIABLE = YES;
				IPHONEOS_DEPLOYMENT_TARGET = 10.2;
				MTL_ENABLE_DEBUG_INFO = NO;
				SDKROOT = iphoneos;
				VALIDATE_PRODUCT = YES;
			};
			name = Release;
		};
		4B06DAD91E36D87600E67DD4 /* Debug */ = {
			isa = XCBuildConfiguration;
			baseConfigurationReference = CF5492EC50D4E0E6B122C73C /* Pods-ReativeMusic.debug.xcconfig */;
			buildSettings = {
				ASSETCATALOG_COMPILER_APPICON_NAME = AppIcon;
				FRAMEWORK_SEARCH_PATHS = (
					"$(inherited)",
					"$(PROJECT_DIR)/Carthage/Build/iOS",
					"$(PROJECT_DIR)",
				);
				INFOPLIST_FILE = ReativeMusic/Info.plist;
				LD_RUNPATH_SEARCH_PATHS = "$(inherited) @executable_path/Frameworks";
				OTHER_LDFLAGS = (
					"$(inherited)",
					"-ObjC",
				);
				PRODUCT_BUNDLE_IDENTIFIER = com.tolkiana.ReativeMusic;
				PRODUCT_NAME = "$(TARGET_NAME)";
			};
			name = Debug;
		};
		4B06DADA1E36D87600E67DD4 /* Release */ = {
			isa = XCBuildConfiguration;
			baseConfigurationReference = 33BF884021913326B6F65750 /* Pods-ReativeMusic.release.xcconfig */;
			buildSettings = {
				ASSETCATALOG_COMPILER_APPICON_NAME = AppIcon;
				FRAMEWORK_SEARCH_PATHS = (
					"$(inherited)",
					"$(PROJECT_DIR)/Carthage/Build/iOS",
					"$(PROJECT_DIR)",
				);
				INFOPLIST_FILE = ReativeMusic/Info.plist;
				LD_RUNPATH_SEARCH_PATHS = "$(inherited) @executable_path/Frameworks";
				OTHER_LDFLAGS = (
					"$(inherited)",
					"-ObjC",
				);
				PRODUCT_BUNDLE_IDENTIFIER = com.tolkiana.ReativeMusic;
				PRODUCT_NAME = "$(TARGET_NAME)";
			};
			name = Release;
		};
		4B06DADC1E36D87600E67DD4 /* Debug */ = {
			isa = XCBuildConfiguration;
			buildSettings = {
				BUNDLE_LOADER = "$(TEST_HOST)";
				INFOPLIST_FILE = ReativeMusicTests/Info.plist;
				LD_RUNPATH_SEARCH_PATHS = "$(inherited) @executable_path/Frameworks @loader_path/Frameworks";
				PRODUCT_BUNDLE_IDENTIFIER = tolkiana.ReativeMusicTests;
				PRODUCT_NAME = "$(TARGET_NAME)";
				TEST_HOST = "$(BUILT_PRODUCTS_DIR)/ReativeMusic.app/ReativeMusic";
			};
			name = Debug;
		};
		4B06DADD1E36D87600E67DD4 /* Release */ = {
			isa = XCBuildConfiguration;
			buildSettings = {
				BUNDLE_LOADER = "$(TEST_HOST)";
				INFOPLIST_FILE = ReativeMusicTests/Info.plist;
				LD_RUNPATH_SEARCH_PATHS = "$(inherited) @executable_path/Frameworks @loader_path/Frameworks";
				PRODUCT_BUNDLE_IDENTIFIER = tolkiana.ReativeMusicTests;
				PRODUCT_NAME = "$(TARGET_NAME)";
				TEST_HOST = "$(BUILT_PRODUCTS_DIR)/ReativeMusic.app/ReativeMusic";
			};
			name = Release;
		};
/* End XCBuildConfiguration section */

/* Begin XCConfigurationList section */
		4B06DAB11E36D87600E67DD4 /* Build configuration list for PBXProject "ReativeMusic" */ = {
			isa = XCConfigurationList;
			buildConfigurations = (
				4B06DAD61E36D87600E67DD4 /* Debug */,
				4B06DAD71E36D87600E67DD4 /* Release */,
			);
			defaultConfigurationIsVisible = 0;
			defaultConfigurationName = Release;
		};
		4B06DAD81E36D87600E67DD4 /* Build configuration list for PBXNativeTarget "ReativeMusic" */ = {
			isa = XCConfigurationList;
			buildConfigurations = (
				4B06DAD91E36D87600E67DD4 /* Debug */,
				4B06DADA1E36D87600E67DD4 /* Release */,
			);
			defaultConfigurationIsVisible = 0;
			defaultConfigurationName = Release;
		};
		4B06DADB1E36D87600E67DD4 /* Build configuration list for PBXNativeTarget "ReativeMusicTests" */ = {
			isa = XCConfigurationList;
			buildConfigurations = (
				4B06DADC1E36D87600E67DD4 /* Debug */,
				4B06DADD1E36D87600E67DD4 /* Release */,
			);
			defaultConfigurationIsVisible = 0;
			defaultConfigurationName = Release;
		};
/* End XCConfigurationList section */
	};
	rootObject = 4B06DAAE1E36D87600E67DD4 /* Project object */;
}
